
Microsoft Visual Studio Solution File, Format Version 12.00
# Visual Studio Version 17
VisualStudioVersion = 17.2.32616.157
MinimumVisualStudioVersion = 10.0.40219.1
Project("{FAE04EC0-301F-11D3-BF4B-00C04F79EFBC}") = "CoworkingBook.Api", "CoworkingBook.Api\CoworkingBook.Api.csproj", "{D45077BB-EA48-4769-939E-ECF1F8F00C15}"
EndProject
Project("{FAE04EC0-301F-11D3-BF4B-00C04F79EFBC}") = "DataAccess", "DataAccess\DataAccess.csproj", "{46058878-9CD9-4D10-ACE6-345238CA98ED}"
EndProject
Project("{FAE04EC0-301F-11D3-BF4B-00C04F79EFBC}") = "Models", "Models\Models.csproj", "{57D0C080-2CE2-48CA-8497-5C859CADA04B}"
EndProject
Project("{FAE04EC0-301F-11D3-BF4B-00C04F79EFBC}") = "Services", "Services\Services.csproj", "{BD30E1C0-28D7-4CFD-BC6E-E17C8CD5B8D6}"
EndProject
Global
	GlobalSection(SolutionConfigurationPlatforms) = preSolution
		Debug|Any CPU = Debug|Any CPU
		Release|Any CPU = Release|Any CPU
	EndGlobalSection
	GlobalSection(ProjectConfigurationPlatforms) = postSolution
		{D45077BB-EA48-4769-939E-ECF1F8F00C15}.Debug|Any CPU.ActiveCfg = Debug|Any CPU
		{D45077BB-EA48-4769-939E-ECF1F8F00C15}.Debug|Any CPU.Build.0 = Debug|Any CPU
		{D45077BB-EA48-4769-939E-ECF1F8F00C15}.Release|Any CPU.ActiveCfg = Release|Any CPU
		{D45077BB-EA48-4769-939E-ECF1F8F00C15}.Release|Any CPU.Build.0 = Release|Any CPU
		{46058878-9CD9-4D10-ACE6-345238CA98ED}.Debug|Any CPU.ActiveCfg = Debug|Any CPU
		{46058878-9CD9-4D10-ACE6-345238CA98ED}.Debug|Any CPU.Build.0 = Debug|Any CPU
		{46058878-9CD9-4D10-ACE6-345238CA98ED}.Release|Any CPU.ActiveCfg = Release|Any CPU
		{46058878-9CD9-4D10-ACE6-345238CA98ED}.Release|Any CPU.Build.0 = Release|Any CPU
		{57D0C080-2CE2-48CA-8497-5C859CADA04B}.Debug|Any CPU.ActiveCfg = Debug|Any CPU
		{57D0C080-2CE2-48CA-8497-5C859CADA04B}.Debug|Any CPU.Build.0 = Debug|Any CPU
		{57D0C080-2CE2-48CA-8497-5C859CADA04B}.Release|Any CPU.ActiveCfg = Release|Any CPU
		{57D0C080-2CE2-48CA-8497-5C859CADA04B}.Release|Any CPU.Build.0 = Release|Any CPU
		{BD30E1C0-28D7-4CFD-BC6E-E17C8CD5B8D6}.Debug|Any CPU.ActiveCfg = Debug|Any CPU
		{BD30E1C0-28D7-4CFD-BC6E-E17C8CD5B8D6}.Debug|Any CPU.Build.0 = Debug|Any CPU
		{BD30E1C0-28D7-4CFD-BC6E-E17C8CD5B8D6}.Release|Any CPU.ActiveCfg = Release|Any CPU
		{BD30E1C0-28D7-4CFD-BC6E-E17C8CD5B8D6}.Release|Any CPU.Build.0 = Release|Any CPU
	EndGlobalSection
	GlobalSection(SolutionProperties) = preSolution
		HideSolutionNode = FALSE
	EndGlobalSection
	GlobalSection(ExtensibilityGlobals) = postSolution
		SolutionGuid = {D818AA88-F480-428D-A7FB-04CC78C1CE47}
	EndGlobalSection
EndGlobal
